
Microsoft Visual Studio Solution File, Format Version 12.00
# Visual Studio Version 17
VisualStudioVersion = 17.11.35219.272
MinimumVisualStudioVersion = 10.0.40219.1
Project("{9A19103F-16F7-4668-BE54-9A1E7A4F7556}") = "TodoManager", "TodoManager\TodoManager.csproj", "{7ACA76ED-6341-435A-AE61-520ACFFDC02B}"
EndProject
Project("{E53339B2-1760-4266-BCC7-CA923CBCF16C}") = "docker-compose", "docker-compose.dcproj", "{00369709-3539-473A-88EC-5713A6A310C2}"
EndProject
Global
	GlobalSection(SolutionConfigurationPlatforms) = preSolution
		Debug|Any CPU = Debug|Any CPU
		Release|Any CPU = Release|Any CPU
	EndGlobalSection
	GlobalSection(ProjectConfigurationPlatforms) = postSolution
		{7ACA76ED-6341-435A-AE61-520ACFFDC02B}.Debug|Any CPU.ActiveCfg = Debug|Any CPU
		{7ACA76ED-6341-435A-AE61-520ACFFDC02B}.Debug|Any CPU.Build.0 = Debug|Any CPU
		{7ACA76ED-6341-435A-AE61-520ACFFDC02B}.Release|Any CPU.ActiveCfg = Release|Any CPU
		{7ACA76ED-6341-435A-AE61-520ACFFDC02B}.Release|Any CPU.Build.0 = Release|Any CPU
		{00369709-3539-473A-88EC-5713A6A310C2}.Debug|Any CPU.ActiveCfg = Debug|Any CPU
		{00369709-3539-473A-88EC-5713A6A310C2}.Debug|Any CPU.Build.0 = Debug|Any CPU
		{00369709-3539-473A-88EC-5713A6A310C2}.Release|Any CPU.ActiveCfg = Release|Any CPU
		{00369709-3539-473A-88EC-5713A6A310C2}.Release|Any CPU.Build.0 = Release|Any CPU
	EndGlobalSection
	GlobalSection(SolutionProperties) = preSolution
		HideSolutionNode = FALSE
	EndGlobalSection
	GlobalSection(ExtensibilityGlobals) = postSolution
		SolutionGuid = {6DB1E96F-8B76-44C7-BB15-A697C6EB1EAF}
	EndGlobalSection
EndGlobal
